<?xml version="1.0" encoding="utf-8"?>
<Project ToolsVersion="4.0" xmlns="http://schemas.microsoft.com/developer/msbuild/2003">
  <ItemGroup>
    <Filter Include="Source Files">
      <UniqueIdentifier>{4FC737F1-C7A5-4376-A066-2A32D752A2FF}</UniqueIdentifier>
      <Extensions>cpp;c;cc;cxx;def;odl;idl;hpj;bat;asm;asmx</Extensions>
    </Filter>
    <Filter Include="Source Files\application">
      <UniqueIdentifier>{f157bf0a-d551-44cb-82dc-a4bb8bd902a2}</UniqueIdentifier>
    </Filter>
    <Filter Include="Source Files\libcmsis">
      <UniqueIdentifier>{94949235-8a45-42e6-9035-016c7b49605c}</UniqueIdentifier>
    </Filter>
    <Filter Include="Source Files\liblcd">
      <UniqueIdentifier>{58d38b5c-1147-4fad-8975-47b8868c263d}</UniqueIdentifier>
    </Filter>
    <Filter Include="Source Files\libtools">
      <UniqueIdentifier>{8cb9efc5-df4b-42fa-af68-fd23210636ef}</UniqueIdentifier>
    </Filter>
    <Filter Include="Source Files\libhardware-STM32F10X">
      <UniqueIdentifier>{b99568e3-7fd2-4373-b6c7-ad595004dc92}</UniqueIdentifier>
    </Filter>
  </ItemGroup>
  <ItemGroup>
    <ClCompile Include="src\liblcd\scr_io.c">
      <Filter>Source Files\liblcd</Filter>
    </ClCompile>
    <ClCompile Include="src\liblcd\ili9320.c">
      <Filter>Source Files\liblcd</Filter>
    </ClCompile>
    <ClCompile Include="src\liblcd\ili9320_api.c">
      <Filter>Source Files\liblcd</Filter>
    </ClCompile>
    <ClCompile Include="src\liblcd\ili9320_touch.c">
      <Filter>Source Files\liblcd</Filter>
    </ClCompile>
    <ClCompile Include="src\libcmsis\system_stm32f10x.c">
      <Filter>Source Files\libcmsis</Filter>
    </ClCompile>
    <ClCompile Include="src\libcmsis\core_cm3.c">
      <Filter>Source Files\libcmsis</Filter>
    </ClCompile>
    <ClCompile Include="src\libtools\ff.c">
      <Filter>Source Files\libtools</Filter>
    </ClCompile>
    <ClCompile Include="src\application\Crc32.c">
      <Filter>Source Files\application</Filter>
    </ClCompile>
    <ClCompile Include="src\libtools\diskio.c">
      <Filter>Source Files\libtools</Filter>
    </ClCompile>
    <ClCompile Include="src\libtools\fattime.c">
      <Filter>Source Files\libtools</Filter>
    </ClCompile>
    <ClCompile Include="src\libtools\rtc.c">
      <Filter>Source Files\libtools</Filter>
    </ClCompile>
    <ClCompile Include="src\libtools\sdcard.c">
      <Filter>Source Files\libtools</Filter>
    </ClCompile>
    <ClCompile Include="src\libtools\usb_init.c">
      <Filter>Source Files\libtools</Filter>
    </ClCompile>
    <ClCompile Include="src\libtools\usb_int.c">
      <Filter>Source Files\libtools</Filter>
    </ClCompile>
    <ClCompile Include="src\libtools\usb_mem.c">
      <Filter>Source Files\libtools</Filter>
    </ClCompile>
    <ClCompile Include="src\libtools\usb_regs.c">
      <Filter>Source Files\libtools</Filter>
    </ClCompile>
    <ClCompile Include="src\libtools\ccsbcs.c">
      <Filter>Source Files\libtools</Filter>
    </ClCompile>
    <ClCompile Include="src\libtools\usb_core.c">
      <Filter>Source Files\libtools</Filter>
    </ClCompile>
    <ClCompile Include="src\application\usb_scsi.c">
      <Filter>Source Files\application</Filter>
    </ClCompile>
    <ClCompile Include="src\application\stepmotor.c">
      <Filter>Source Files\application</Filter>
    </ClCompile>
    <ClCompile Include="src\application\usb_bot.c">
      <Filter>Source Files\application</Filter>
    </ClCompile>
    <ClCompile Include="src\application\usb_desc.c">
      <Filter>Source Files\application</Filter>
    </ClCompile>
    <ClCompile Include="src\application\usb_endp.c">
      <Filter>Source Files\application</Filter>
    </ClCompile>
    <ClCompile Include="src\application\usb_istr.c">
      <Filter>Source Files\application</Filter>
    </ClCompile>
    <ClCompile Include="src\application\usb_prop.c">
      <Filter>Source Files\application</Filter>
    </ClCompile>
    <ClCompile Include="src\application\usb_pwr.c">
      <Filter>Source Files\application</Filter>
    </ClCompile>
    <ClCompile Include="src\application\gcode.c">
      <Filter>Source Files\application</Filter>
    </ClCompile>
    <ClCompile Include="src\application\gcode_exec.c">
      <Filter>Source Files\application</Filter>
    </ClCompile>
    <ClCompile Include="src\application\hw_config.c">
      <Filter>Source Files\application</Filter>
    </ClCompile>
    <ClCompile Include="src\application\keyboard.c">
      <Filter>Source Files\application</Filter>
    </ClCompile>
    <ClCompile Include="src\application\limits.c">
      <Filter>Source Files\application</Filter>
    </ClCompile>
    <ClCompile Include="src\application\main.c">
      <Filter>Source Files\application</Filter>
    </ClCompile>
    <ClCompile Include="src\application\manualmode.c">
      <Filter>Source Files\application</Filter>
    </ClCompile>
    <ClCompile Include="src\application\mass_mal.c">
      <Filter>Source Files\application</Filter>
    </ClCompile>
    <ClCompile Include="src\application\memory.c">
      <Filter>Source Files\application</Filter>
    </ClCompile>
    <ClCompile Include="src\application\scsi_data.c">
      <Filter>Source Files\application</Filter>
    </ClCompile>
    <ClCompile Include="src\application\rs232_interface.c">
      <Filter>Source Files\application</Filter>
    </ClCompile>
    <ClCompile Include="src\application\stm32f10x_it.c">
      <Filter>Source Files\application</Filter>
    </ClCompile>
    <ClCompile Include="src\application\encoder.c">
      <Filter>Source Files\application</Filter>
    </ClCompile>
    <ClCompile Include="src\libhardware\STM32F10X\misc.c">
      <Filter>Source Files\libhardware-STM32F10X</Filter>
    </ClCompile>
    <ClCompile Include="src\libhardware\STM32F10X\stm32f10x_adc.c">
      <Filter>Source Files\libhardware-STM32F10X</Filter>
    </ClCompile>
    <ClCompile Include="src\libhardware\STM32F10X\stm32f10x_bkp.c">
      <Filter>Source Files\libhardware-STM32F10X</Filter>
    </ClCompile>
    <ClCompile Include="src\libhardware\STM32F10X\stm32f10x_can.c">
      <Filter>Source Files\libhardware-STM32F10X</Filter>
    </ClCompile>
    <ClCompile Include="src\libhardware\STM32F10X\stm32f10x_cec.c">
      <Filter>Source Files\libhardware-STM32F10X</Filter>
    </ClCompile>
    <ClCompile Include="src\libhardware\STM32F10X\stm32f10x_crc.c">
      <Filter>Source Files\libhardware-STM32F10X</Filter>
    </ClCompile>
    <ClCompile Include="src\libhardware\STM32F10X\stm32f10x_dac.c">
      <Filter>Source Files\libhardware-STM32F10X</Filter>
    </ClCompile>
    <ClCompile Include="src\libhardware\STM32F10X\stm32f10x_dbgmcu.c">
      <Filter>Source Files\libhardware-STM32F10X</Filter>
    </ClCompile>
    <ClCompile Include="src\libhardware\STM32F10X\stm32f10x_dma.c">
      <Filter>Source Files\libhardware-STM32F10X</Filter>
    </ClCompile>
    <ClCompile Include="src\libhardware\STM32F10X\stm32f10x_exti.c">
      <Filter>Source Files\libhardware-STM32F10X</Filter>
    </ClCompile>
    <ClCompile Include="src\libhardware\STM32F10X\stm32f10x_flash.c">
      <Filter>Source Files\libhardware-STM32F10X</Filter>
    </ClCompile>
    <ClCompile Include="src\libhardware\STM32F10X\stm32f10x_fsmc.c">
      <Filter>Source Files\libhardware-STM32F10X</Filter>
    </ClCompile>
    <ClCompile Include="src\libhardware\STM32F10X\stm32f10x_gpio.c">
      <Filter>Source Files\libhardware-STM32F10X</Filter>
    </ClCompile>
    <ClCompile Include="src\libhardware\STM32F10X\stm32f10x_i2c.c">
      <Filter>Source Files\libhardware-STM32F10X</Filter>
    </ClCompile>
    <ClCompile Include="src\libhardware\STM32F10X\stm32f10x_iwdg.c">
      <Filter>Source Files\libhardware-STM32F10X</Filter>
    </ClCompile>
    <ClCompile Include="src\libhardware\STM32F10X\stm32f10x_pwr.c">
      <Filter>Source Files\libhardware-STM32F10X</Filter>
    </ClCompile>
    <ClCompile Include="src\libhardware\STM32F10X\stm32f10x_rcc.c">
      <Filter>Source Files\libhardware-STM32F10X</Filter>
    </ClCompile>
    <ClCompile Include="src\libhardware\STM32F10X\stm32f10x_rtc.c">
      <Filter>Source Files\libhardware-STM32F10X</Filter>
    </ClCompile>
    <ClCompile Include="src\libhardware\STM32F10X\stm32f10x_sdio.c">
      <Filter>Source Files\libhardware-STM32F10X</Filter>
    </ClCompile>
    <ClCompile Include="src\libhardware\STM32F10X\stm32f10x_spi.c">
      <Filter>Source Files\libhardware-STM32F10X</Filter>
    </ClCompile>
    <ClCompile Include="src\libhardware\STM32F10X\stm32f10x_tim.c">
      <Filter>Source Files\libhardware-STM32F10X</Filter>
    </ClCompile>
    <ClCompile Include="src\libhardware\STM32F10X\stm32f10x_usart.c">
      <Filter>Source Files\libhardware-STM32F10X</Filter>
    </ClCompile>
    <ClCompile Include="src\libhardware\STM32F10X\stm32f10x_wwdg.c">
      <Filter>Source Files\libhardware-STM32F10X</Filter>
    </ClCompile>
  </ItemGroup>
  <ItemGroup>
    <None Include="src\libcmsis\startup\arm\startup_stm32f10x_hd.s">
      <Filter>Source Files\libcmsis</Filter>
    </None>
  </ItemGroup>
</Project>