#MicroXplorer Configuration settings - do not modify
#Thu Feb 06 20:47:58 MSK 2014
File.Version=1
KeepUserPlacement=true
Mcu.Family=STM32F4
Mcu.IP0=FSMC_SDRAM
Mcu.IP1=I2C3
Mcu.IP2=LTDC
Mcu.IP3=SPI5
Mcu.IP4=SYS
Mcu.IP5=USART1
Mcu.IP6=USB_OTG_HS
Mcu.IPNb=7
Mcu.Name=STM32F429Z(G-I)Tx
Mcu.Package=LQFP144
Mcu.Pin0=PC14/OSC32_IN
Mcu.Pin1=PC15/OSC32_OUT
Mcu.Pin10=PF9
Mcu.Pin11=PF10
Mcu.Pin12=PH0/OSC_IN
Mcu.Pin13=PH1/OSC_OUT
Mcu.Pin14=PC0
Mcu.Pin15=PC1
Mcu.Pin16=PC2
Mcu.Pin17=PC3
Mcu.Pin18=PA0/WKUP
Mcu.Pin19=PA1
Mcu.Pin2=PF0
Mcu.Pin20=PA2
Mcu.Pin21=PA3
Mcu.Pin22=PA4
Mcu.Pin23=PA6
Mcu.Pin24=PA7
Mcu.Pin25=PC4
Mcu.Pin26=PC5
Mcu.Pin27=PB0
Mcu.Pin28=PB1
Mcu.Pin29=PF11
Mcu.Pin3=PF1
Mcu.Pin30=PF12
Mcu.Pin31=PF13
Mcu.Pin32=PF14
Mcu.Pin33=PF15
Mcu.Pin34=PG0
Mcu.Pin35=PG1
Mcu.Pin36=PE7
Mcu.Pin37=PE8
Mcu.Pin38=PE9
Mcu.Pin39=PE10
Mcu.Pin4=PF2
Mcu.Pin40=PE11
Mcu.Pin41=PE12
Mcu.Pin42=PE13
Mcu.Pin43=PE14
Mcu.Pin44=PE15
Mcu.Pin45=PB10
Mcu.Pin46=PB11
Mcu.Pin47=PB12
Mcu.Pin48=PB13
Mcu.Pin49=PB14
Mcu.Pin5=PF3
Mcu.Pin50=PB15
Mcu.Pin51=PD8
Mcu.Pin52=PD9
Mcu.Pin53=PD10
Mcu.Pin54=PD11
Mcu.Pin55=PD12
Mcu.Pin56=PD13
Mcu.Pin57=PD14
Mcu.Pin58=PD15
Mcu.Pin59=PG4
Mcu.Pin6=PF4
Mcu.Pin60=PG5
Mcu.Pin61=PG6
Mcu.Pin62=PG7
Mcu.Pin63=PG8
Mcu.Pin64=PC6
Mcu.Pin65=PC7
Mcu.Pin66=PC9
Mcu.Pin67=PA8
Mcu.Pin68=PA9
Mcu.Pin69=PA10
Mcu.Pin7=PF5
Mcu.Pin70=PA11
Mcu.Pin71=PA12
Mcu.Pin72=PA13
Mcu.Pin73=PA14
Mcu.Pin74=PA15
Mcu.Pin75=PC10
Mcu.Pin76=PD0
Mcu.Pin77=PD1
Mcu.Pin78=PD2
Mcu.Pin79=PD3
Mcu.Pin8=PF7
Mcu.Pin80=PD4
Mcu.Pin81=PD5
Mcu.Pin82=PD6
Mcu.Pin83=PD7
Mcu.Pin84=PG10
Mcu.Pin85=PG11
Mcu.Pin86=PG12
Mcu.Pin87=PG13
Mcu.Pin88=PG14
Mcu.Pin89=PG15
Mcu.Pin9=PF8
Mcu.Pin90=PB3
Mcu.Pin91=PB5
Mcu.Pin92=PB6
Mcu.Pin93=PB8
Mcu.Pin94=PB9
Mcu.Pin95=PE0
Mcu.Pin96=PE1
Mcu.PinsNb=97
PA0/WKUP.Signal=GPIO_Input
PA1.Signal=GPIO_Input
PA10.GPIOParameters=GPIO_Speed,GPIO_PuPd,GPIO_Mode,GPIO_OType
PA10.GPIO_Mode=GPIO_Mode_IN
PA10.GPIO_OType=GPIO_OType_PP
PA10.GPIO_PuPd=GPIO_PuPd_UP
PA10.GPIO_Speed=GPIO_Speed_2MHz
PA10.Mode=Asynchronous
PA10.Signal=USART1_RX
PA11.GPIOParameters=GPIO_Speed,GPIO_PuPd,GPIO_Mode,GPIO_OType
PA11.GPIO_Mode=GPIO_Mode_AF
PA11.GPIO_OType=GPIO_OType_PP
PA11.GPIO_PuPd=GPIO_PuPd_NOPULL
PA11.GPIO_Speed=GPIO_Speed_100MHz
PA11.Mode=RGB666
PA11.Signal=LTDC_R4
PA12.GPIOParameters=GPIO_Speed,GPIO_PuPd,GPIO_Mode,GPIO_OType
PA12.GPIO_Mode=GPIO_Mode_AF
PA12.GPIO_OType=GPIO_OType_PP
PA12.GPIO_PuPd=GPIO_PuPd_NOPULL
PA12.GPIO_Speed=GPIO_Speed_100MHz
PA12.Mode=RGB666
PA12.Signal=LTDC_R5
PA13.Mode=Trace-Asynchronous_SW
PA13.Signal=SYS_JTMS-SWDIO
PA14.Mode=Trace-Asynchronous_SW
PA14.Signal=SYS_JTCK-SWCLK
PA15.Signal=GPIO_Input
PA2.Signal=GPIO_Input
PA3.GPIOParameters=GPIO_Speed,GPIO_PuPd,GPIO_Mode,GPIO_OType
PA3.GPIO_Mode=GPIO_Mode_AF
PA3.GPIO_OType=GPIO_OType_PP
PA3.GPIO_PuPd=GPIO_PuPd_NOPULL
PA3.GPIO_Speed=GPIO_Speed_100MHz
PA3.Mode=RGB666
PA3.Signal=LTDC_B5
PA4.GPIOParameters=GPIO_Speed,GPIO_PuPd,GPIO_Mode,GPIO_OType
PA4.GPIO_Mode=GPIO_Mode_AF
PA4.GPIO_OType=GPIO_OType_PP
PA4.GPIO_PuPd=GPIO_PuPd_NOPULL
PA4.GPIO_Speed=GPIO_Speed_100MHz
PA4.Mode=RGB666
PA4.Signal=LTDC_VSYNC
PA6.GPIOParameters=GPIO_Speed,GPIO_PuPd,GPIO_Mode,GPIO_OType
PA6.GPIO_Mode=GPIO_Mode_AF
PA6.GPIO_OType=GPIO_OType_PP
PA6.GPIO_PuPd=GPIO_PuPd_NOPULL
PA6.GPIO_Speed=GPIO_Speed_100MHz
PA6.Mode=RGB666
PA6.Signal=LTDC_G2
PA7.Signal=GPIO_Output
PA8.GPIOParameters=GPIO_Speed,GPIO_PuPd,GPIO_Mode,GPIO_OType
PA8.GPIO_Mode=GPIO_Mode_AF
PA8.GPIO_OType=GPIO_OType_OD
PA8.GPIO_PuPd=GPIO_PuPd_NOPULL
PA8.GPIO_Speed=GPIO_Speed_100MHz
PA8.Mode=I2C
PA8.Signal=I2C3_SCL
PA9.GPIOParameters=GPIO_Speed,GPIO_PuPd,GPIO_Mode,GPIO_OType
PA9.GPIO_Mode=GPIO_Mode_AF
PA9.GPIO_OType=GPIO_OType_PP
PA9.GPIO_PuPd=GPIO_PuPd_NOPULL
PA9.GPIO_Speed=GPIO_Speed_100MHz
PA9.Mode=Asynchronous
PA9.Signal=USART1_TX
PB0.GPIOParameters=GPIO_Speed,GPIO_PuPd,GPIO_Mode,GPIO_OType
PB0.GPIO_Mode=GPIO_Mode_AF
PB0.GPIO_OType=GPIO_OType_PP
PB0.GPIO_PuPd=GPIO_PuPd_NOPULL
PB0.GPIO_Speed=GPIO_Speed_100MHz
PB0.Mode=RGB666
PB0.Signal=LTDC_R3
PB1.GPIOParameters=GPIO_Speed,GPIO_PuPd,GPIO_Mode,GPIO_OType
PB1.GPIO_Mode=GPIO_Mode_AF
PB1.GPIO_OType=GPIO_OType_PP
PB1.GPIO_PuPd=GPIO_PuPd_NOPULL
PB1.GPIO_Speed=GPIO_Speed_100MHz
PB1.Mode=RGB666
PB1.Signal=LTDC_R6
PB10.GPIOParameters=GPIO_Speed,GPIO_PuPd,GPIO_Mode,GPIO_OType
PB10.GPIO_Mode=GPIO_Mode_AF
PB10.GPIO_OType=GPIO_OType_PP
PB10.GPIO_PuPd=GPIO_PuPd_NOPULL
PB10.GPIO_Speed=GPIO_Speed_100MHz
PB10.Mode=RGB666
PB10.Signal=LTDC_G4
PB11.GPIOParameters=GPIO_Speed,GPIO_PuPd,GPIO_Mode,GPIO_OType
PB11.GPIO_Mode=GPIO_Mode_AF
PB11.GPIO_OType=GPIO_OType_PP
PB11.GPIO_PuPd=GPIO_PuPd_NOPULL
PB11.GPIO_Speed=GPIO_Speed_100MHz
PB11.Mode=RGB666
PB11.Signal=LTDC_G5
PB12.GPIOParameters=GPIO_Speed,GPIO_PuPd,GPIO_Mode,GPIO_OType
PB12.GPIO_Mode=GPIO_Mode_AF
PB12.GPIO_OType=GPIO_OType_PP
PB12.GPIO_PuPd=GPIO_PuPd_NOPULL
PB12.GPIO_Speed=GPIO_Speed_100MHz
PB12.Mode=OTG/Dual-Role-Device
PB12.Signal=USB_OTG_HS_ID
PB13.GPIOParameters=GPIO_Speed,GPIO_PuPd,GPIO_Mode,GPIO_OType
PB13.GPIO_Mode=GPIO_Mode_AF
PB13.GPIO_OType=GPIO_OType_PP
PB13.GPIO_PuPd=GPIO_PuPd_NOPULL
PB13.GPIO_Speed=GPIO_Speed_100MHz
PB13.Mode=OTG/Dual-Role-Device
PB13.Signal=USB_OTG_HS_VBUS
PB14.GPIOParameters=GPIO_Speed,GPIO_PuPd,GPIO_Mode,GPIO_OType
PB14.GPIO_Mode=GPIO_Mode_AF
PB14.GPIO_OType=GPIO_OType_PP
PB14.GPIO_PuPd=GPIO_PuPd_NOPULL
PB14.GPIO_Speed=GPIO_Speed_100MHz
PB14.Mode=OTG/Dual-Role-Device
PB14.Signal=USB_OTG_HS_DM
PB15.GPIOParameters=GPIO_Speed,GPIO_PuPd,GPIO_Mode,GPIO_OType
PB15.GPIO_Mode=GPIO_Mode_AF
PB15.GPIO_OType=GPIO_OType_PP
PB15.GPIO_PuPd=GPIO_PuPd_NOPULL
PB15.GPIO_Speed=GPIO_Speed_100MHz
PB15.Mode=OTG/Dual-Role-Device
PB15.Signal=USB_OTG_HS_DP
PB3.Mode=Trace-Asynchronous_SW
PB3.Signal=SYS_JTDO-SWO
PB5.GPIOParameters=GPIO_Speed,GPIO_PuPd,GPIO_Mode,GPIO_OType
PB5.GPIO_Mode=GPIO_Mode_AF
PB5.GPIO_OType=GPIO_OType_PP
PB5.GPIO_PuPd=GPIO_PuPd_NOPULL
PB5.GPIO_Speed=GPIO_Speed_100MHz
PB5.Mode=ChipSelect2
PB5.Signal=FSMC_SDRAM_SDCKE1
PB6.GPIOParameters=GPIO_Speed,GPIO_PuPd,GPIO_Mode,GPIO_OType
PB6.GPIO_Mode=GPIO_Mode_AF
PB6.GPIO_OType=GPIO_OType_PP
PB6.GPIO_PuPd=GPIO_PuPd_NOPULL
PB6.GPIO_Speed=GPIO_Speed_100MHz
PB6.Mode=ChipSelect2
PB6.Signal=FSMC_SDRAM_SDNE1
PB8.GPIOParameters=GPIO_Speed,GPIO_PuPd,GPIO_Mode,GPIO_OType
PB8.GPIO_Mode=GPIO_Mode_AF
PB8.GPIO_OType=GPIO_OType_PP
PB8.GPIO_PuPd=GPIO_PuPd_NOPULL
PB8.GPIO_Speed=GPIO_Speed_100MHz
PB8.Mode=RGB666
PB8.Signal=LTDC_B6
PB9.GPIOParameters=GPIO_Speed,GPIO_PuPd,GPIO_Mode,GPIO_OType
PB9.GPIO_Mode=GPIO_Mode_AF
PB9.GPIO_OType=GPIO_OType_PP
PB9.GPIO_PuPd=GPIO_PuPd_NOPULL
PB9.GPIO_Speed=GPIO_Speed_100MHz
PB9.Mode=RGB666
PB9.Signal=LTDC_B7
PC0.GPIOParameters=GPIO_Speed,GPIO_PuPd,GPIO_Mode,GPIO_OType
PC0.GPIO_Mode=GPIO_Mode_AF
PC0.GPIO_OType=GPIO_OType_PP
PC0.GPIO_PuPd=GPIO_PuPd_NOPULL
PC0.GPIO_Speed=GPIO_Speed_100MHz
PC0.Mode=16-bit-SDRAM
PC0.Signal=FSMC_SDRAM_SDNWE
PC1.Signal=GPIO_Output
PC10.GPIOParameters=GPIO_Speed,GPIO_PuPd,GPIO_Mode,GPIO_OType
PC10.GPIO_Mode=GPIO_Mode_AF
PC10.GPIO_OType=GPIO_OType_PP
PC10.GPIO_PuPd=GPIO_PuPd_NOPULL
PC10.GPIO_Speed=GPIO_Speed_100MHz
PC10.Mode=RGB666
PC10.Signal=LTDC_R2
PC14/OSC32_IN.Mode=LSE-External-Oscillator
PC14/OSC32_IN.Signal=SYS_OSC32_IN
PC15/OSC32_OUT.Mode=LSE-External-Oscillator
PC15/OSC32_OUT.Signal=SYS_OSC32_OUT
PC2.GPIOParameters=GPIO_Speed,GPIO_PuPd,GPIO_Mode,GPIO_OType
PC2.GPIO_Mode=GPIO_Mode_AF
PC2.GPIO_OType=GPIO_OType_PP
PC2.GPIO_PuPd=GPIO_PuPd_NOPULL
PC2.GPIO_Speed=GPIO_Speed_100MHz
PC2.Mode=ChipSelect1
PC2.Signal=FSMC_SDRAM_SDNE0
PC3.Mode=ChipSelect1
PC3.Signal=FSMC_SDRAM_SDCKE0
PC4.Signal=GPIO_Output
PC5.Signal=GPIO_Input
PC6.GPIOParameters=GPIO_Speed,GPIO_PuPd,GPIO_Mode,GPIO_OType
PC6.GPIO_Mode=GPIO_Mode_AF
PC6.GPIO_OType=GPIO_OType_PP
PC6.GPIO_PuPd=GPIO_PuPd_NOPULL
PC6.GPIO_Speed=GPIO_Speed_100MHz
PC6.Mode=RGB666
PC6.Signal=LTDC_HSYNC
PC7.GPIOParameters=GPIO_Speed,GPIO_PuPd,GPIO_Mode,GPIO_OType
PC7.GPIO_Mode=GPIO_Mode_AF
PC7.GPIO_OType=GPIO_OType_PP
PC7.GPIO_PuPd=GPIO_PuPd_NOPULL
PC7.GPIO_Speed=GPIO_Speed_100MHz
PC7.Mode=RGB666
PC7.Signal=LTDC_G6
PC9.GPIOParameters=GPIO_Speed,GPIO_PuPd,GPIO_Mode,GPIO_OType
PC9.GPIO_Mode=GPIO_Mode_AF
PC9.GPIO_OType=GPIO_OType_OD
PC9.GPIO_PuPd=GPIO_PuPd_NOPULL
PC9.GPIO_Speed=GPIO_Speed_100MHz
PC9.Mode=I2C
PC9.Signal=I2C3_SDA
PD0.GPIOParameters=GPIO_Speed,GPIO_PuPd,GPIO_Mode,GPIO_OType
PD0.GPIO_Mode=GPIO_Mode_AF
PD0.GPIO_OType=GPIO_OType_PP
PD0.GPIO_PuPd=GPIO_PuPd_NOPULL
PD0.GPIO_Speed=GPIO_Speed_100MHz
PD0.Mode=16-bit-SDRAM
PD0.Signal=FSMC_SDRAM_D2
PD1.GPIOParameters=GPIO_Speed,GPIO_PuPd,GPIO_Mode,GPIO_OType
PD1.GPIO_Mode=GPIO_Mode_AF
PD1.GPIO_OType=GPIO_OType_PP
PD1.GPIO_PuPd=GPIO_PuPd_NOPULL
PD1.GPIO_Speed=GPIO_Speed_100MHz
PD1.Mode=16-bit-SDRAM
PD1.Signal=FSMC_SDRAM_D3
PD10.GPIOParameters=GPIO_Speed,GPIO_PuPd,GPIO_Mode,GPIO_OType
PD10.GPIO_Mode=GPIO_Mode_AF
PD10.GPIO_OType=GPIO_OType_PP
PD10.GPIO_PuPd=GPIO_PuPd_NOPULL
PD10.GPIO_Speed=GPIO_Speed_100MHz
PD10.Mode=16-bit-SDRAM
PD10.Signal=FSMC_SDRAM_D15
PD11.Signal=GPIO_Output
PD12.Signal=GPIO_Output
PD13.Signal=GPIO_Output
PD14.GPIOParameters=GPIO_Speed,GPIO_PuPd,GPIO_Mode,GPIO_OType
PD14.GPIO_Mode=GPIO_Mode_AF
PD14.GPIO_OType=GPIO_OType_PP
PD14.GPIO_PuPd=GPIO_PuPd_NOPULL
PD14.GPIO_Speed=GPIO_Speed_100MHz
PD14.Mode=16-bit-SDRAM
PD14.Signal=FSMC_SDRAM_D0
PD15.GPIOParameters=GPIO_Speed,GPIO_PuPd,GPIO_Mode,GPIO_OType
PD15.GPIO_Mode=GPIO_Mode_AF
PD15.GPIO_OType=GPIO_OType_PP
PD15.GPIO_PuPd=GPIO_PuPd_NOPULL
PD15.GPIO_Speed=GPIO_Speed_100MHz
PD15.Mode=16-bit-SDRAM
PD15.Signal=FSMC_SDRAM_D1
PD2.Signal=GPIO_Output
PD3.GPIOParameters=GPIO_Speed,GPIO_PuPd,GPIO_Mode,GPIO_OType
PD3.GPIO_Mode=GPIO_Mode_AF
PD3.GPIO_OType=GPIO_OType_PP
PD3.GPIO_PuPd=GPIO_PuPd_NOPULL
PD3.GPIO_Speed=GPIO_Speed_100MHz
PD3.Mode=RGB666
PD3.Signal=LTDC_G7
PD4.Signal=GPIO_Output
PD5.Signal=GPIO_Output
PD6.GPIOParameters=GPIO_Speed,GPIO_PuPd,GPIO_Mode,GPIO_OType
PD6.GPIO_Mode=GPIO_Mode_AF
PD6.GPIO_OType=GPIO_OType_PP
PD6.GPIO_PuPd=GPIO_PuPd_NOPULL
PD6.GPIO_Speed=GPIO_Speed_100MHz
PD6.Mode=RGB666
PD6.Signal=LTDC_B2
PD7.Signal=GPIO_Output
PD8.GPIOParameters=GPIO_Speed,GPIO_PuPd,GPIO_Mode,GPIO_OType
PD8.GPIO_Mode=GPIO_Mode_AF
PD8.GPIO_OType=GPIO_OType_PP
PD8.GPIO_PuPd=GPIO_PuPd_NOPULL
PD8.GPIO_Speed=GPIO_Speed_100MHz
PD8.Mode=16-bit-SDRAM
PD8.Signal=FSMC_SDRAM_D13
PD9.GPIOParameters=GPIO_Speed,GPIO_PuPd,GPIO_Mode,GPIO_OType
PD9.GPIO_Mode=GPIO_Mode_AF
PD9.GPIO_OType=GPIO_OType_PP
PD9.GPIO_PuPd=GPIO_PuPd_NOPULL
PD9.GPIO_Speed=GPIO_Speed_100MHz
PD9.Mode=16-bit-SDRAM
PD9.Signal=FSMC_SDRAM_D14
PE0.GPIOParameters=GPIO_Speed,GPIO_PuPd,GPIO_Mode,GPIO_OType
PE0.GPIO_Mode=GPIO_Mode_AF
PE0.GPIO_OType=GPIO_OType_PP
PE0.GPIO_PuPd=GPIO_PuPd_NOPULL
PE0.GPIO_Speed=GPIO_Speed_100MHz
PE0.Mode=16-bit-SDRAM
PE0.Signal=FSMC_SDRAM_NBL0
PE1.GPIOParameters=GPIO_Speed,GPIO_PuPd,GPIO_Mode,GPIO_OType
PE1.GPIO_Mode=GPIO_Mode_AF
PE1.GPIO_OType=GPIO_OType_PP
PE1.GPIO_PuPd=GPIO_PuPd_NOPULL
PE1.GPIO_Speed=GPIO_Speed_100MHz
PE1.Mode=16-bit-SDRAM
PE1.Signal=FSMC_SDRAM_NBL1
PE10.GPIOParameters=GPIO_Speed,GPIO_PuPd,GPIO_Mode,GPIO_OType
PE10.GPIO_Mode=GPIO_Mode_AF
PE10.GPIO_OType=GPIO_OType_PP
PE10.GPIO_PuPd=GPIO_PuPd_NOPULL
PE10.GPIO_Speed=GPIO_Speed_100MHz
PE10.Mode=16-bit-SDRAM
PE10.Signal=FSMC_SDRAM_D7
PE11.GPIOParameters=GPIO_Speed,GPIO_PuPd,GPIO_Mode,GPIO_OType
PE11.GPIO_Mode=GPIO_Mode_AF
PE11.GPIO_OType=GPIO_OType_PP
PE11.GPIO_PuPd=GPIO_PuPd_NOPULL
PE11.GPIO_Speed=GPIO_Speed_100MHz
PE11.Mode=16-bit-SDRAM
PE11.Signal=FSMC_SDRAM_D8
PE12.GPIOParameters=GPIO_Speed,GPIO_PuPd,GPIO_Mode,GPIO_OType
PE12.GPIO_Mode=GPIO_Mode_AF
PE12.GPIO_OType=GPIO_OType_PP
PE12.GPIO_PuPd=GPIO_PuPd_NOPULL
PE12.GPIO_Speed=GPIO_Speed_100MHz
PE12.Mode=16-bit-SDRAM
PE12.Signal=FSMC_SDRAM_D9
PE13.GPIOParameters=GPIO_Speed,GPIO_PuPd,GPIO_Mode,GPIO_OType
PE13.GPIO_Mode=GPIO_Mode_AF
PE13.GPIO_OType=GPIO_OType_PP
PE13.GPIO_PuPd=GPIO_PuPd_NOPULL
PE13.GPIO_Speed=GPIO_Speed_100MHz
PE13.Mode=16-bit-SDRAM
PE13.Signal=FSMC_SDRAM_D10
PE14.GPIOParameters=GPIO_Speed,GPIO_PuPd,GPIO_Mode,GPIO_OType
PE14.GPIO_Mode=GPIO_Mode_AF
PE14.GPIO_OType=GPIO_OType_PP
PE14.GPIO_PuPd=GPIO_PuPd_NOPULL
PE14.GPIO_Speed=GPIO_Speed_100MHz
PE14.Mode=16-bit-SDRAM
PE14.Signal=FSMC_SDRAM_D11
PE15.GPIOParameters=GPIO_Speed,GPIO_PuPd,GPIO_Mode,GPIO_OType
PE15.GPIO_Mode=GPIO_Mode_AF
PE15.GPIO_OType=GPIO_OType_PP
PE15.GPIO_PuPd=GPIO_PuPd_NOPULL
PE15.GPIO_Speed=GPIO_Speed_100MHz
PE15.Mode=16-bit-SDRAM
PE15.Signal=FSMC_SDRAM_D12
PE7.GPIOParameters=GPIO_Speed,GPIO_PuPd,GPIO_Mode,GPIO_OType
PE7.GPIO_Mode=GPIO_Mode_AF
PE7.GPIO_OType=GPIO_OType_PP
PE7.GPIO_PuPd=GPIO_PuPd_NOPULL
PE7.GPIO_Speed=GPIO_Speed_100MHz
PE7.Mode=16-bit-SDRAM
PE7.Signal=FSMC_SDRAM_D4
PE8.GPIOParameters=GPIO_Speed,GPIO_PuPd,GPIO_Mode,GPIO_OType
PE8.GPIO_Mode=GPIO_Mode_AF
PE8.GPIO_OType=GPIO_OType_PP
PE8.GPIO_PuPd=GPIO_PuPd_NOPULL
PE8.GPIO_Speed=GPIO_Speed_100MHz
PE8.Mode=16-bit-SDRAM
PE8.Signal=FSMC_SDRAM_D5
PE9.GPIOParameters=GPIO_Speed,GPIO_PuPd,GPIO_Mode,GPIO_OType
PE9.GPIO_Mode=GPIO_Mode_AF
PE9.GPIO_OType=GPIO_OType_PP
PE9.GPIO_PuPd=GPIO_PuPd_NOPULL
PE9.GPIO_Speed=GPIO_Speed_100MHz
PE9.Mode=16-bit-SDRAM
PE9.Signal=FSMC_SDRAM_D6
PF0.GPIOParameters=GPIO_Speed,GPIO_PuPd,GPIO_Mode,GPIO_OType
PF0.GPIO_Mode=GPIO_Mode_AF
PF0.GPIO_OType=GPIO_OType_PP
PF0.GPIO_PuPd=GPIO_PuPd_NOPULL
PF0.GPIO_Speed=GPIO_Speed_100MHz
PF0.Mode=12-bit
PF0.Signal=FSMC_SDRAM_A0
PF1.GPIOParameters=GPIO_Speed,GPIO_PuPd,GPIO_Mode,GPIO_OType
PF1.GPIO_Mode=GPIO_Mode_AF
PF1.GPIO_OType=GPIO_OType_PP
PF1.GPIO_PuPd=GPIO_PuPd_NOPULL
PF1.GPIO_Speed=GPIO_Speed_100MHz
PF1.Mode=12-bit
PF1.Signal=FSMC_SDRAM_A1
PF10.GPIOParameters=GPIO_Speed,GPIO_PuPd,GPIO_Mode,GPIO_OType
PF10.GPIO_Mode=GPIO_Mode_AF
PF10.GPIO_OType=GPIO_OType_PP
PF10.GPIO_PuPd=GPIO_PuPd_NOPULL
PF10.GPIO_Speed=GPIO_Speed_100MHz
PF10.Mode=RGB666
PF10.Signal=LTDC_DE
PF11.GPIOParameters=GPIO_Speed,GPIO_PuPd,GPIO_Mode,GPIO_OType
PF11.GPIO_Mode=GPIO_Mode_AF
PF11.GPIO_OType=GPIO_OType_PP
PF11.GPIO_PuPd=GPIO_PuPd_NOPULL
PF11.GPIO_Speed=GPIO_Speed_100MHz
PF11.Mode=16-bit-SDRAM
PF11.Signal=FSMC_SDRAM_SDNRAS
PF12.GPIOParameters=GPIO_Speed,GPIO_PuPd,GPIO_Mode,GPIO_OType
PF12.GPIO_Mode=GPIO_Mode_AF
PF12.GPIO_OType=GPIO_OType_PP
PF12.GPIO_PuPd=GPIO_PuPd_NOPULL
PF12.GPIO_Speed=GPIO_Speed_100MHz
PF12.Mode=12-bit
PF12.Signal=FSMC_SDRAM_A6
PF13.GPIOParameters=GPIO_Speed,GPIO_PuPd,GPIO_Mode,GPIO_OType
PF13.GPIO_Mode=GPIO_Mode_AF
PF13.GPIO_OType=GPIO_OType_PP
PF13.GPIO_PuPd=GPIO_PuPd_NOPULL
PF13.GPIO_Speed=GPIO_Speed_100MHz
PF13.Mode=12-bit
PF13.Signal=FSMC_SDRAM_A7
PF14.GPIOParameters=GPIO_Speed,GPIO_PuPd,GPIO_Mode,GPIO_OType
PF14.GPIO_Mode=GPIO_Mode_AF
PF14.GPIO_OType=GPIO_OType_PP
PF14.GPIO_PuPd=GPIO_PuPd_NOPULL
PF14.GPIO_Speed=GPIO_Speed_100MHz
PF14.Mode=12-bit
PF14.Signal=FSMC_SDRAM_A8
PF15.GPIOParameters=GPIO_Speed,GPIO_PuPd,GPIO_Mode,GPIO_OType
PF15.GPIO_Mode=GPIO_Mode_AF
PF15.GPIO_OType=GPIO_OType_PP
PF15.GPIO_PuPd=GPIO_PuPd_NOPULL
PF15.GPIO_Speed=GPIO_Speed_100MHz
PF15.Mode=12-bit
PF15.Signal=FSMC_SDRAM_A9
PF2.GPIOParameters=GPIO_Speed,GPIO_PuPd,GPIO_Mode,GPIO_OType
PF2.GPIO_Mode=GPIO_Mode_AF
PF2.GPIO_OType=GPIO_OType_PP
PF2.GPIO_PuPd=GPIO_PuPd_NOPULL
PF2.GPIO_Speed=GPIO_Speed_100MHz
PF2.Mode=12-bit
PF2.Signal=FSMC_SDRAM_A2
PF3.GPIOParameters=GPIO_Speed,GPIO_PuPd,GPIO_Mode,GPIO_OType
PF3.GPIO_Mode=GPIO_Mode_AF
PF3.GPIO_OType=GPIO_OType_PP
PF3.GPIO_PuPd=GPIO_PuPd_NOPULL
PF3.GPIO_Speed=GPIO_Speed_100MHz
PF3.Mode=12-bit
PF3.Signal=FSMC_SDRAM_A3
PF4.GPIOParameters=GPIO_Speed,GPIO_PuPd,GPIO_Mode,GPIO_OType
PF4.GPIO_Mode=GPIO_Mode_AF
PF4.GPIO_OType=GPIO_OType_PP
PF4.GPIO_PuPd=GPIO_PuPd_NOPULL
PF4.GPIO_Speed=GPIO_Speed_100MHz
PF4.Mode=12-bit
PF4.Signal=FSMC_SDRAM_A4
PF5.GPIOParameters=GPIO_Speed,GPIO_PuPd,GPIO_Mode,GPIO_OType
PF5.GPIO_Mode=GPIO_Mode_AF
PF5.GPIO_OType=GPIO_OType_PP
PF5.GPIO_PuPd=GPIO_PuPd_NOPULL
PF5.GPIO_Speed=GPIO_Speed_100MHz
PF5.Mode=12-bit
PF5.Signal=FSMC_SDRAM_A5
PF7.GPIOParameters=GPIO_Speed,GPIO_PuPd,GPIO_Mode,GPIO_OType
PF7.GPIO_Mode=GPIO_Mode_AF
PF7.GPIO_OType=GPIO_OType_PP
PF7.GPIO_PuPd=GPIO_PuPd_NOPULL
PF7.GPIO_Speed=GPIO_Speed_100MHz
PF7.Mode=Full-Duplex-Master
PF7.Signal=SPI5_SCK
PF8.GPIOParameters=GPIO_Speed,GPIO_PuPd,GPIO_Mode,GPIO_OType
PF8.GPIO_Mode=GPIO_Mode_IN
PF8.GPIO_OType=GPIO_OType_PP
PF8.GPIO_PuPd=GPIO_PuPd_UP
PF8.GPIO_Speed=GPIO_Speed_100MHz
PF8.Mode=Full-Duplex-Master
PF8.Signal=SPI5_MISO
PF9.GPIOParameters=GPIO_Speed,GPIO_PuPd,GPIO_Mode,GPIO_OType
PF9.GPIO_Mode=GPIO_Mode_AF
PF9.GPIO_OType=GPIO_OType_PP
PF9.GPIO_PuPd=GPIO_PuPd_NOPULL
PF9.GPIO_Speed=GPIO_Speed_100MHz
PF9.Mode=Full-Duplex-Master
PF9.Signal=SPI5_MOSI
PG0.GPIOParameters=GPIO_Speed,GPIO_PuPd,GPIO_Mode,GPIO_OType
PG0.GPIO_Mode=GPIO_Mode_AF
PG0.GPIO_OType=GPIO_OType_PP
PG0.GPIO_PuPd=GPIO_PuPd_NOPULL
PG0.GPIO_Speed=GPIO_Speed_100MHz
PG0.Mode=12-bit
PG0.Signal=FSMC_SDRAM_A10
PG1.GPIOParameters=GPIO_Speed,GPIO_PuPd,GPIO_Mode,GPIO_OType
PG1.GPIO_Mode=GPIO_Mode_AF
PG1.GPIO_OType=GPIO_OType_PP
PG1.GPIO_PuPd=GPIO_PuPd_NOPULL
PG1.GPIO_Speed=GPIO_Speed_100MHz
PG1.Mode=12-bit
PG1.Signal=FSMC_SDRAM_A11
PG10.GPIOParameters=GPIO_Speed,GPIO_PuPd,GPIO_Mode,GPIO_OType
PG10.GPIO_Mode=GPIO_Mode_AF
PG10.GPIO_OType=GPIO_OType_PP
PG10.GPIO_PuPd=GPIO_PuPd_NOPULL
PG10.GPIO_Speed=GPIO_Speed_100MHz
PG10.Mode=RGB666
PG10.Signal=LTDC_G3
PG11.GPIOParameters=GPIO_Speed,GPIO_PuPd,GPIO_Mode,GPIO_OType
PG11.GPIO_Mode=GPIO_Mode_AF
PG11.GPIO_OType=GPIO_OType_PP
PG11.GPIO_PuPd=GPIO_PuPd_NOPULL
PG11.GPIO_Speed=GPIO_Speed_100MHz
PG11.Mode=RGB666
PG11.Signal=LTDC_B3
PG12.GPIOParameters=GPIO_Speed,GPIO_PuPd,GPIO_Mode,GPIO_OType
PG12.GPIO_Mode=GPIO_Mode_AF
PG12.GPIO_OType=GPIO_OType_PP
PG12.GPIO_PuPd=GPIO_PuPd_NOPULL
PG12.GPIO_Speed=GPIO_Speed_100MHz
PG12.Mode=RGB666
PG12.Signal=LTDC_B4
PG13.Signal=GPIO_Output
PG14.Signal=GPIO_Output
PG15.GPIOParameters=GPIO_Speed,GPIO_PuPd,GPIO_Mode,GPIO_OType
PG15.GPIO_Mode=GPIO_Mode_AF
PG15.GPIO_OType=GPIO_OType_PP
PG15.GPIO_PuPd=GPIO_PuPd_NOPULL
PG15.GPIO_Speed=GPIO_Speed_100MHz
PG15.Mode=16-bit-SDRAM
PG15.Signal=FSMC_SDRAM_SDNCAS
PG4.GPIOParameters=GPIO_Speed,GPIO_PuPd,GPIO_Mode,GPIO_OType
PG4.GPIO_Mode=GPIO_Mode_AF
PG4.GPIO_OType=GPIO_OType_PP
PG4.GPIO_PuPd=GPIO_PuPd_NOPULL
PG4.GPIO_Speed=GPIO_Speed_100MHz
PG4.Mode=16-bit-SDRAM
PG4.Signal=FSMC_SDRAM_BA0
PG5.GPIOParameters=GPIO_Speed,GPIO_PuPd,GPIO_Mode,GPIO_OType
PG5.GPIO_Mode=GPIO_Mode_AF
PG5.GPIO_OType=GPIO_OType_PP
PG5.GPIO_PuPd=GPIO_PuPd_NOPULL
PG5.GPIO_Speed=GPIO_Speed_100MHz
PG5.Mode=2-bit-BankAddress
PG5.Signal=FSMC_SDRAM_BA1
PG6.GPIOParameters=GPIO_Speed,GPIO_PuPd,GPIO_Mode,GPIO_OType
PG6.GPIO_Mode=GPIO_Mode_AF
PG6.GPIO_OType=GPIO_OType_PP
PG6.GPIO_PuPd=GPIO_PuPd_NOPULL
PG6.GPIO_Speed=GPIO_Speed_100MHz
PG6.Mode=RGB666
PG6.Signal=LTDC_R7
PG7.GPIOParameters=GPIO_Speed,GPIO_PuPd,GPIO_Mode,GPIO_OType
PG7.GPIO_Mode=GPIO_Mode_AF
PG7.GPIO_OType=GPIO_OType_PP
PG7.GPIO_PuPd=GPIO_PuPd_NOPULL
PG7.GPIO_Speed=GPIO_Speed_100MHz
PG7.Mode=RGB666
PG7.Signal=LTDC_CLK
PG8.GPIOParameters=GPIO_Speed,GPIO_PuPd,GPIO_Mode,GPIO_OType
PG8.GPIO_Mode=GPIO_Mode_AF
PG8.GPIO_OType=GPIO_OType_PP
PG8.GPIO_PuPd=GPIO_PuPd_NOPULL
PG8.GPIO_Speed=GPIO_Speed_100MHz
PG8.Mode=16-bit-SDRAM
PG8.Signal=FSMC_SDRAM_SDCLK
PH0/OSC_IN.Mode=HSE-External-Oscillator
PH0/OSC_IN.Signal=SYS_OSC_IN
PH1/OSC_OUT.Mode=HSE-External-Oscillator
PH1/OSC_OUT.Signal=SYS_OSC_OUT
